// !$*UTF8*$!
{
	archiveVersion = 1;
	classes = {
	};
	objectVersion = 46;
	objects = {

/* Begin PBXBuildFile section */
		83D2610718A84098006598DE /* Foundation.framework in Frameworks */ = {isa = PBXBuildFile; fileRef = 83D2610618A84098006598DE /* Foundation.framework */; };
		83D2610918A84098006598DE /* CoreGraphics.framework in Frameworks */ = {isa = PBXBuildFile; fileRef = 83D2610818A84098006598DE /* CoreGraphics.framework */; };
		83D2610B18A84098006598DE /* UIKit.framework in Frameworks */ = {isa = PBXBuildFile; fileRef = 83D2610A18A84098006598DE /* UIKit.framework */; };
		83D2611118A84098006598DE /* InfoPlist.strings in Resources */ = {isa = PBXBuildFile; fileRef = 83D2610F18A84098006598DE /* InfoPlist.strings */; };
		83D2611318A84098006598DE /* main.m in Sources */ = {isa = PBXBuildFile; fileRef = 83D2611218A84098006598DE /* main.m */; };
		83D2611718A84098006598DE /* HWAppDelegate.m in Sources */ = {isa = PBXBuildFile; fileRef = 83D2611618A84098006598DE /* HWAppDelegate.m */; };
		83D2611918A84098006598DE /* Images.xcassets in Resources */ = {isa = PBXBuildFile; fileRef = 83D2611818A84098006598DE /* Images.xcassets */; };
		83D2612018A84098006598DE /* XCTest.framework in Frameworks */ = {isa = PBXBuildFile; fileRef = 83D2611F18A84098006598DE /* XCTest.framework */; };
		83D2612118A84098006598DE /* Foundation.framework in Frameworks */ = {isa = PBXBuildFile; fileRef = 83D2610618A84098006598DE /* Foundation.framework */; };
		83D2612218A84098006598DE /* UIKit.framework in Frameworks */ = {isa = PBXBuildFile; fileRef = 83D2610A18A84098006598DE /* UIKit.framework */; };
		83D2612A18A84098006598DE /* InfoPlist.strings in Resources */ = {isa = PBXBuildFile; fileRef = 83D2612818A84098006598DE /* InfoPlist.strings */; };
		83D2612C18A84098006598DE /* ExampleTests.m in Sources */ = {isa = PBXBuildFile; fileRef = 83D2612B18A84098006598DE /* ExampleTests.m */; };
/* End PBXBuildFile section */

/* Begin PBXContainerItemProxy section */
		83D2612318A84098006598DE /* PBXContainerItemProxy */ = {
			isa = PBXContainerItemProxy;
			containerPortal = 83D260FB18A84098006598DE /* Project object */;
			proxyType = 1;
			remoteGlobalIDString = 83D2610218A84098006598DE;
			remoteInfo = Example;
		};
/* End PBXContainerItemProxy section */

/* Begin PBXFileReference section */
		83D2610318A84098006598DE /* Example.app */ = {isa = PBXFileReference; explicitFileType = wrapper.application; includeInIndex = 0; path = Example.app; sourceTree = BUILT_PRODUCTS_DIR; };
		83D2610618A84098006598DE /* Foundation.framework */ = {isa = PBXFileReference; lastKnownFileType = wrapper.framework; name = Foundation.framework; path = System/Library/Frameworks/Foundation.framework; sourceTree = SDKROOT; };
		83D2610818A84098006598DE /* CoreGraphics.framework */ = {isa = PBXFileReference; lastKnownFileType = wrapper.framework; name = CoreGraphics.framework; path = System/Library/Frameworks/CoreGraphics.framework; sourceTree = SDKROOT; };
		83D2610A18A84098006598DE /* UIKit.framework */ = {isa = PBXFileReference; lastKnownFileType = wrapper.framework; name = UIKit.framework; path = System/Library/Frameworks/UIKit.framework; sourceTree = SDKROOT; };
		83D2610E18A84098006598DE /* Example-Info.plist */ = {isa = PBXFileReference; lastKnownFileType = text.plist.xml; path = "Example-Info.plist"; sourceTree = "<group>"; };
		83D2611018A84098006598DE /* en */ = {isa = PBXFileReference; lastKnownFileType = text.plist.strings; name = en; path = en.lproj/InfoPlist.strings; sourceTree = "<group>"; };
		83D2611218A84098006598DE /* main.m */ = {isa = PBXFileReference; lastKnownFileType = sourcecode.c.objc; path = main.m; sourceTree = "<group>"; };
		83D2611418A84098006598DE /* Example-Prefix.pch */ = {isa = PBXFileReference; lastKnownFileType = sourcecode.c.h; path = "Example-Prefix.pch"; sourceTree = "<group>"; };
		83D2611518A84098006598DE /* HWAppDelegate.h */ = {isa = PBXFileReference; lastKnownFileType = sourcecode.c.h; path = HWAppDelegate.h; sourceTree = "<group>"; };
		83D2611618A84098006598DE /* HWAppDelegate.m */ = {isa = PBXFileReference; lastKnownFileType = sourcecode.c.objc; path = HWAppDelegate.m; sourceTree = "<group>"; };
		83D2611818A84098006598DE /* Images.xcassets */ = {isa = PBXFileReference; lastKnownFileType = folder.assetcatalog; path = Images.xcassets; sourceTree = "<group>"; };
		83D2611E18A84098006598DE /* ExampleTests.xctest */ = {isa = PBXFileReference; explicitFileType = wrapper.cfbundle; includeInIndex = 0; path = ExampleTests.xctest; sourceTree = BUILT_PRODUCTS_DIR; };
		83D2611F18A84098006598DE /* XCTest.framework */ = {isa = PBXFileReference; lastKnownFileType = wrapper.framework; name = XCTest.framework; path = Library/Frameworks/XCTest.framework; sourceTree = DEVELOPER_DIR; };
		83D2612718A84098006598DE /* ExampleTests-Info.plist */ = {isa = PBXFileReference; lastKnownFileType = text.plist.xml; path = "ExampleTests-Info.plist"; sourceTree = "<group>"; };
		83D2612918A84098006598DE /* en */ = {isa = PBXFileReference; lastKnownFileType = text.plist.strings; name = en; path = en.lproj/InfoPlist.strings; sourceTree = "<group>"; };
		83D2612B18A84098006598DE /* ExampleTests.m */ = {isa = PBXFileReference; lastKnownFileType = sourcecode.c.objc; path = ExampleTests.m; sourceTree = "<group>"; };
/* End PBXFileReference section */

/* Begin PBXFrameworksBuildPhase section */
		83D2610018A84098006598DE /* Frameworks */ = {
			isa = PBXFrameworksBuildPhase;
			buildActionMask = 2147483647;
			files = (
				83D2610918A84098006598DE /* CoreGraphics.framework in Frameworks */,
				83D2610B18A84098006598DE /* UIKit.framework in Frameworks */,
				83D2610718A84098006598DE /* Foundation.framework in Frameworks */,
			);
			runOnlyForDeploymentPostprocessing = 0;
		};
		83D2611B18A84098006598DE /* Frameworks */ = {
			isa = PBXFrameworksBuildPhase;
			buildActionMask = 2147483647;
			files = (
				83D2612018A84098006598DE /* XCTest.framework in Frameworks */,
				83D2612218A84098006598DE /* UIKit.framework in Frameworks */,
				83D2612118A84098006598DE /* Foundation.framework in Frameworks */,
			);
			runOnlyForDeploymentPostprocessing = 0;
		};
/* End PBXFrameworksBuildPhase section */

/* Begin PBXGroup section */
		83D260FA18A84098006598DE = {
			isa = PBXGroup;
			children = (
				83D2610C18A84098006598DE /* Example */,
				83D2612518A84098006598DE /* ExampleTests */,
				83D2610518A84098006598DE /* Frameworks */,
				83D2610418A84098006598DE /* Products */,
			);
			sourceTree = "<group>";
		};
		83D2610418A84098006598DE /* Products */ = {
			isa = PBXGroup;
			children = (
				83D2610318A84098006598DE /* Example.app */,
				83D2611E18A84098006598DE /* ExampleTests.xctest */,
			);
			name = Products;
			sourceTree = "<group>";
		};
		83D2610518A84098006598DE /* Frameworks */ = {
			isa = PBXGroup;
			children = (
				83D2610618A84098006598DE /* Foundation.framework */,
				83D2610818A84098006598DE /* CoreGraphics.framework */,
				83D2610A18A84098006598DE /* UIKit.framework */,
				83D2611F18A84098006598DE /* XCTest.framework */,
			);
			name = Frameworks;
			sourceTree = "<group>";
		};
		83D2610C18A84098006598DE /* Example */ = {
			isa = PBXGroup;
			children = (
				83D2611518A84098006598DE /* HWAppDelegate.h */,
				83D2611618A84098006598DE /* HWAppDelegate.m */,
				83D2611818A84098006598DE /* Images.xcassets */,
				83D2610D18A84098006598DE /* Supporting Files */,
			);
			path = Example;
			sourceTree = "<group>";
		};
		83D2610D18A84098006598DE /* Supporting Files */ = {
			isa = PBXGroup;
			children = (
				83D2610E18A84098006598DE /* Example-Info.plist */,
				83D2610F18A84098006598DE /* InfoPlist.strings */,
				83D2611218A84098006598DE /* main.m */,
				83D2611418A84098006598DE /* Example-Prefix.pch */,
			);
			name = "Supporting Files";
			sourceTree = "<group>";
		};
		83D2612518A84098006598DE /* ExampleTests */ = {
			isa = PBXGroup;
			children = (
				83D2612B18A84098006598DE /* ExampleTests.m */,
				83D2612618A84098006598DE /* Supporting Files */,
			);
			path = ExampleTests;
			sourceTree = "<group>";
		};
		83D2612618A84098006598DE /* Supporting Files */ = {
			isa = PBXGroup;
			children = (
				83D2612718A84098006598DE /* ExampleTests-Info.plist */,
				83D2612818A84098006598DE /* InfoPlist.strings */,
			);
			name = "Supporting Files";
			sourceTree = "<group>";
		};
/* End PBXGroup section */

/* Begin PBXNativeTarget section */
		83D2610218A84098006598DE /* Example */ = {
			isa = PBXNativeTarget;
			buildConfigurationList = 83D2612F18A84098006598DE /* Build configuration list for PBXNativeTarget "Example" */;
			buildPhases = (
				83D260FF18A84098006598DE /* Sources */,
				83D2610018A84098006598DE /* Frameworks */,
				83D2610118A84098006598DE /* Resources */,
			);
			buildRules = (
			);
			dependencies = (
			);
			name = Example;
			productName = Example;
			productReference = 83D2610318A84098006598DE /* Example.app */;
			productType = "com.apple.product-type.application";
		};
		83D2611D18A84098006598DE /* ExampleTests */ = {
			isa = PBXNativeTarget;
			buildConfigurationList = 83D2613218A84098006598DE /* Build configuration list for PBXNativeTarget "ExampleTests" */;
			buildPhases = (
				83D2611A18A84098006598DE /* Sources */,
				83D2611B18A84098006598DE /* Frameworks */,
				83D2611C18A84098006598DE /* Resources */,
			);
			buildRules = (
			);
			dependencies = (
				83D2612418A84098006598DE /* PBXTargetDependency */,
			);
			name = ExampleTests;
			productName = ExampleTests;
			productReference = 83D2611E18A84098006598DE /* ExampleTests.xctest */;
			productType = "com.apple.product-type.bundle.unit-test";
		};
/* End PBXNativeTarget section */

/* Begin PBXProject section */
		83D260FB18A84098006598DE /* Project object */ = {
			isa = PBXProject;
			attributes = {
				CLASSPREFIX = HW;
				LastUpgradeCheck = 0500;
				ORGANIZATIONNAME = "Christopher Chan";
				TargetAttributes = {
					83D2611D18A84098006598DE = {
						TestTargetID = 83D2610218A84098006598DE;
					};
				};
			};
			buildConfigurationList = 83D260FE18A84098006598DE /* Build configuration list for PBXProject "Example" */;
			compatibilityVersion = "Xcode 3.2";
			developmentRegion = English;
			hasScannedForEncodings = 0;
			knownRegions = (
				en,
			);
			mainGroup = 83D260FA18A84098006598DE;
			productRefGroup = 83D2610418A84098006598DE /* Products */;
			projectDirPath = "";
			projectRoot = "";
			targets = (
				83D2610218A84098006598DE /* Example */,
				83D2611D18A84098006598DE /* ExampleTests */,
			);
		};
/* End PBXProject section */

/* Begin PBXResourcesBuildPhase section */
		83D2610118A84098006598DE /* Resources */ = {
			isa = PBXResourcesBuildPhase;
			buildActionMask = 2147483647;
			files = (
				83D2611118A84098006598DE /* InfoPlist.strings in Resources */,
				83D2611918A84098006598DE /* Images.xcassets in Resources */,
			);
			runOnlyForDeploymentPostprocessing = 0;
		};
		83D2611C18A84098006598DE /* Resources */ = {
			isa = PBXResourcesBuildPhase;
			buildActionMask = 2147483647;
			files = (
				83D2612A18A84098006598DE /* InfoPlist.strings in Resources */,
			);
			runOnlyForDeploymentPostprocessing = 0;
		};
/* End PBXResourcesBuildPhase section */

/* Begin PBXSourcesBuildPhase section */
		83D260FF18A84098006598DE /* Sources */ = {
			isa = PBXSourcesBuildPhase;
			buildActionMask = 2147483647;
			files = (
				83D2611318A84098006598DE /* main.m in Sources */,
				83D2611718A84098006598DE /* HWAppDelegate.m in Sources */,
			);
			runOnlyForDeploymentPostprocessing = 0;
		};
		83D2611A18A84098006598DE /* Sources */ = {
			isa = PBXSourcesBuildPhase;
			buildActionMask = 2147483647;
			files = (
				83D2612C18A84098006598DE /* ExampleTests.m in Sources */,
			);
			runOnlyForDeploymentPostprocessing = 0;
		};
/* End PBXSourcesBuildPhase section */

/* Begin PBXTargetDependency section */
		83D2612418A84098006598DE /* PBXTargetDependency */ = {
			isa = PBXTargetDependency;
			target = 83D2610218A84098006598DE /* Example */;
			targetProxy = 83D2612318A84098006598DE /* PBXContainerItemProxy */;
		};
/* End PBXTargetDependency section */

/* Begin PBXVariantGroup section */
		83D2610F18A84098006598DE /* InfoPlist.strings */ = {
			isa = PBXVariantGroup;
			children = (
				83D2611018A84098006598DE /* en */,
			);
			name = InfoPlist.strings;
			sourceTree = "<group>";
		};
		83D2612818A84098006598DE /* InfoPlist.strings */ = {
			isa = PBXVariantGroup;
			children = (
				83D2612918A84098006598DE /* en */,
			);
			name = InfoPlist.strings;
			sourceTree = "<group>";
		};
/* End PBXVariantGroup section */

/* Begin XCBuildConfiguration section */
		83D2612D18A84098006598DE /* Debug */ = {
			isa = XCBuildConfiguration;
			buildSettings = {
				ALWAYS_SEARCH_USER_PATHS = NO;
				ARCHS = "$(ARCHS_STANDARD_INCLUDING_64_BIT)";
				CLANG_CXX_LANGUAGE_STANDARD = "gnu++0x";
				CLANG_CXX_LIBRARY = "libc++";
				CLANG_ENABLE_MODULES = YES;
				CLANG_ENABLE_OBJC_ARC = YES;
				CLANG_WARN_BOOL_CONVERSION = YES;
				CLANG_WARN_CONSTANT_CONVERSION = YES;
				CLANG_WARN_DIRECT_OBJC_ISA_USAGE = YES_ERROR;
				CLANG_WARN_EMPTY_BODY = YES;
				CLANG_WARN_ENUM_CONVERSION = YES;
				CLANG_WARN_INT_CONVERSION = YES;
				CLANG_WARN_OBJC_ROOT_CLASS = YES_ERROR;
				CLANG_WARN__DUPLICATE_METHOD_MATCH = YES;
				"CODE_SIGN_IDENTITY[sdk=iphoneos*]" = "iPhone Developer";
				COPY_PHASE_STRIP = NO;
				GCC_C_LANGUAGE_STANDARD = gnu99;
				GCC_DYNAMIC_NO_PIC = NO;
				GCC_OPTIMIZATION_LEVEL = 0;
				GCC_PREPROCESSOR_DEFINITIONS = (
					"DEBUG=1",
					"$(inherited)",
				);
				GCC_SYMBOLS_PRIVATE_EXTERN = NO;
				GCC_WARN_64_TO_32_BIT_CONVERSION = YES;
				GCC_WARN_ABOUT_RETURN_TYPE = YES_ERROR;
				GCC_WARN_UNDECLARED_SELECTOR = YES;
				GCC_WARN_UNINITIALIZED_AUTOS = YES;
				GCC_WARN_UNUSED_FUNCTION = YES;
				GCC_WARN_UNUSED_VARIABLE = YES;
				IPHONEOS_DEPLOYMENT_TARGET = 7.0;
				ONLY_ACTIVE_ARCH = YES;
				SDKROOT = iphoneos;
				TARGETED_DEVICE_FAMILY = "1,2";
			};
			name = Debug;
		};
		83D2612E18A84098006598DE /* Release */ = {
			isa = XCBuildConfiguration;
			buildSettings = {
				ALWAYS_SEARCH_USER_PATHS = NO;
				ARCHS = "$(ARCHS_STANDARD_INCLUDING_64_BIT)";
				CLANG_CXX_LANGUAGE_STANDARD = "gnu++0x";
				CLANG_CXX_LIBRARY = "libc++";
				CLANG_ENABLE_MODULES = YES;
				CLANG_ENABLE_OBJC_ARC = YES;
				CLANG_WARN_BOOL_CONVERSION = YES;
				CLANG_WARN_CONSTANT_CONVERSION = YES;
				CLANG_WARN_DIRECT_OBJC_ISA_USAGE = YES_ERROR;
				CLANG_WARN_EMPTY_BODY = YES;
				CLANG_WARN_ENUM_CONVERSION = YES;
				CLANG_WARN_INT_CONVERSION = YES;
				CLANG_WARN_OBJC_ROOT_CLASS = YES_ERROR;
				CLANG_WARN__DUPLICATE_METHOD_MATCH = YES;
				"CODE_SIGN_IDENTITY[sdk=iphoneos*]" = "iPhone Developer";
				COPY_PHASE_STRIP = YES;
				ENABLE_NS_ASSERTIONS = NO;
				GCC_C_LANGUAGE_STANDARD = gnu99;
				GCC_WARN_64_TO_32_BIT_CONVERSION = YES;
				GCC_WARN_ABOUT_RETURN_TYPE = YES_ERROR;
				GCC_WARN_UNDECLARED_SELECTOR = YES;
				GCC_WARN_UNINITIALIZED_AUTOS = YES;
				GCC_WARN_UNUSED_FUNCTION = YES;
				GCC_WARN_UNUSED_VARIABLE = YES;
				IPHONEOS_DEPLOYMENT_TARGET = 7.0;
				SDKROOT = iphoneos;
				TARGETED_DEVICE_FAMILY = "1,2";
				VALIDATE_PRODUCT = YES;
			};
			name = Release;
		};
		83D2613018A84098006598DE /* Debug */ = {
			isa = XCBuildConfiguration;
			buildSettings = {
				ASSETCATALOG_COMPILER_APPICON_NAME = AppIcon;
				ASSETCATALOG_COMPILER_LAUNCHIMAGE_NAME = LaunchImage;
				GCC_PRECOMPILE_PREFIX_HEADER = YES;
				GCC_PREFIX_HEADER = "Example/Example-Prefix.pch";
				INFOPLIST_FILE = "Example/Example-Info.plist";
				PRODUCT_NAME = "$(TARGET_NAME)";
				WRAPPER_EXTENSION = app;
			};
			name = Debug;
		};
		83D2613118A84098006598DE /* Release */ = {
			isa = XCBuildConfiguration;
			buildSettings = {
				ASSETCATALOG_COMPILER_APPICON_NAME = AppIcon;
				ASSETCATALOG_COMPILER_LAUNCHIMAGE_NAME = LaunchImage;
				GCC_PRECOMPILE_PREFIX_HEADER = YES;
				GCC_PREFIX_HEADER = "Example/Example-Prefix.pch";
				INFOPLIST_FILE = "Example/Example-Info.plist";
				PRODUCT_NAME = "$(TARGET_NAME)";
				WRAPPER_EXTENSION = app;
			};
			name = Release;
		};
		83D2613318A84098006598DE /* Debug */ = {
			isa = XCBuildConfiguration;
			buildSettings = {
				ARCHS = "$(ARCHS_STANDARD_INCLUDING_64_BIT)";
				BUNDLE_LOADER = "$(BUILT_PRODUCTS_DIR)/Example.app/Example";
				FRAMEWORK_SEARCH_PATHS = (
					"$(SDKROOT)/Developer/Library/Frameworks",
					"$(inherited)",
					"$(DEVELOPER_FRAMEWORKS_DIR)",
				);
				GCC_PRECOMPILE_PREFIX_HEADER = YES;
				GCC_PREFIX_HEADER = "Example/Example-Prefix.pch";
				GCC_PREPROCESSOR_DEFINITIONS = (
					"DEBUG=1",
					"$(inherited)",
				);
				INFOPLIST_FILE = "ExampleTests/ExampleTests-Info.plist";
				PRODUCT_NAME = "$(TARGET_NAME)";
				TEST_HOST = "$(BUNDLE_LOADER)";
				WRAPPER_EXTENSION = xctest;
			};
			name = Debug;
		};
		83D2613418A84098006598DE /* Release */ = {
			isa = XCBuildConfiguration;
			buildSettings = {
				ARCHS = "$(ARCHS_STANDARD_INCLUDING_64_BIT)";
				BUNDLE_LOADER = "$(BUILT_PRODUCTS_DIR)/Example.app/Example";
				FRAMEWORK_SEARCH_PATHS = (
					"$(SDKROOT)/Developer/Library/Frameworks",
					"$(inherited)",
					"$(DEVELOPER_FRAMEWORKS_DIR)",
				);
				GCC_PRECOMPILE_PREFIX_HEADER = YES;
				GCC_PREFIX_HEADER = "Example/Example-Prefix.pch";
				INFOPLIST_FILE = "ExampleTests/ExampleTests-Info.plist";
				PRODUCT_NAME = "$(TARGET_NAME)";
				TEST_HOST = "$(BUNDLE_LOADER)";
				WRAPPER_EXTENSION = xctest;
			};
			name = Release;
		};
/* End XCBuildConfiguration section */

/* Begin XCConfigurationList section */
		83D260FE18A84098006598DE /* Build configuration list for PBXProject "Example" */ = {
			isa = XCConfigurationList;
			buildConfigurations = (
				83D2612D18A84098006598DE /* Debug */,
				83D2612E18A84098006598DE /* Release */,
			);
			defaultConfigurationIsVisible = 0;
			defaultConfigurationName = Release;
		};
		83D2612F18A84098006598DE /* Build configuration list for PBXNativeTarget "Example" */ = {
			isa = XCConfigurationList;
			buildConfigurations = (
				83D2613018A84098006598DE /* Debug */,
				83D2613118A84098006598DE /* Release */,
			);
			defaultConfigurationIsVisible = 0;
		};
		83D2613218A84098006598DE /* Build configuration list for PBXNativeTarget "ExampleTests" */ = {
			isa = XCConfigurationList;
			buildConfigurations = (
				83D2613318A84098006598DE /* Debug */,
				83D2613418A84098006598DE /* Release */,
			);
			defaultConfigurationIsVisible = 0;
		};
/* End XCConfigurationList section */
	};
	rootObject = 83D260FB18A84098006598DE /* Project object */;
}
